
Microsoft Visual Studio Solution File, Format Version 12.00
# Visual Studio Version 16
VisualStudioVersion = 16.0.28803.452
MinimumVisualStudioVersion = 10.0.40219.1
Project("{FAE04EC0-301F-11D3-BF4B-00C04F79EFBC}") = "AspNetCore.Prettify", "AspNetCore.Prettify\AspNetCore.Prettify.csproj", "{EDDB4E4D-587C-4E63-B830-4839AB19236F}"
EndProject
Global
	GlobalSection(SolutionConfigurationPlatforms) = preSolution
		Debug|Any CPU = Debug|Any CPU
		Release|Any CPU = Release|Any CPU
	EndGlobalSection
	GlobalSection(ProjectConfigurationPlatforms) = postSolution
		{EDDB4E4D-587C-4E63-B830-4839AB19236F}.Debug|Any CPU.ActiveCfg = Debug|Any CPU
		{EDDB4E4D-587C-4E63-B830-4839AB19236F}.Debug|Any CPU.Build.0 = Debug|Any CPU
		{EDDB4E4D-587C-4E63-B830-4839AB19236F}.Release|Any CPU.ActiveCfg = Release|Any CPU
		{EDDB4E4D-587C-4E63-B830-4839AB19236F}.Release|Any CPU.Build.0 = Release|Any CPU
	EndGlobalSection
	GlobalSection(SolutionProperties) = preSolution
		HideSolutionNode = FALSE
	EndGlobalSection
	GlobalSection(ExtensibilityGlobals) = postSolution
		SolutionGuid = {0694AE99-6D6E-4695-A09F-20DC19E60AC0}
	EndGlobalSection
EndGlobal
